
Microsoft Visual Studio Solution File, Format Version 12.00
# Visual Studio 2012
Project("{FAE04EC0-301F-11D3-BF4B-00C04F79EFBC}") = "SWDifCambiario", "SWDifCambiario\SWDifCambiario.csproj", "{67807517-5D24-4B16-B7EB-BEA1DC61C8EF}"
EndProject
Project("{FAE04EC0-301F-11D3-BF4B-00C04F79EFBC}") = "SWDifCambiarioNeg", "SWDifCambiarioNeg\SWDifCambiarioNeg.csproj", "{B85389C5-57A4-471C-AC2D-727BEB8EE8F8}"
EndProject
Global
	GlobalSection(SolutionConfigurationPlatforms) = preSolution
		Debug|Any CPU = Debug|Any CPU
		Release|Any CPU = Release|Any CPU
	EndGlobalSection
	GlobalSection(ProjectConfigurationPlatforms) = postSolution
		{67807517-5D24-4B16-B7EB-BEA1DC61C8EF}.Debug|Any CPU.ActiveCfg = Debug|Any CPU
		{67807517-5D24-4B16-B7EB-BEA1DC61C8EF}.Release|Any CPU.ActiveCfg = Release|Any CPU
		{67807517-5D24-4B16-B7EB-BEA1DC61C8EF}.Release|Any CPU.Build.0 = Release|Any CPU
		{67807517-5D24-4B16-B7EB-BEA1DC61C8EF}.Release|Any CPU.Deploy.0 = Release|Any CPU
		{B85389C5-57A4-471C-AC2D-727BEB8EE8F8}.Debug|Any CPU.ActiveCfg = Debug|Any CPU
		{B85389C5-57A4-471C-AC2D-727BEB8EE8F8}.Debug|Any CPU.Build.0 = Debug|Any CPU
		{B85389C5-57A4-471C-AC2D-727BEB8EE8F8}.Release|Any CPU.ActiveCfg = Release|Any CPU
		{B85389C5-57A4-471C-AC2D-727BEB8EE8F8}.Release|Any CPU.Build.0 = Release|Any CPU
	EndGlobalSection
	GlobalSection(SolutionProperties) = preSolution
		HideSolutionNode = FALSE
	EndGlobalSection
EndGlobal
